{
  "version": 4,
  "terraform_version": "1.9.5",
  "serial": 26,
  "lineage": "507096f4-3bf6-e63a-afb8-e7e66ec010d0",
  "outputs": {
    "artifact_bucket": {
      "value": "github-chatgpt-ggcloud-lark-infra-0148",
      "type": "string"
    },
    "cloud_function_uri": {
      "value": "https://generate-lark-token-pfne2mqwja-as.a.run.app",
      "type": "string"
    },
    "scheduler_job_name": {
      "value": "lark-token-refresh-110m",
      "type": "string"
    }
  },
  "resources": [
    {
      "mode": "data",
      "type": "archive_file",
      "name": "function_source",
      "provider": "provider[\"registry.terraform.io/hashicorp/archive\"]",
      "instances": [
        {
          "schema_version": 0,
          "attributes": {
            "exclude_symlink_directories": null,
            "excludes": null,
            "id": "733b64fd49c4993b5a921eea85ae3577376c966a",
            "output_base64sha256": "Rn6FbiXzPGV4kGqSKZdtRMMIh2Bz42WWDMi+0rZgMDg=",
            "output_base64sha512": "dbEXlBTLcSBblQ1TGJ/1PeYKQn2AegaXJmL0nSMTttwWwq96/+hhj+JU1gwrbUV72xzMVLtWdQTyJ0IY+DxQhA==",
            "output_file_mode": null,
            "output_md5": "8ce0b2c74ca8ff5c0d2ea83f60f2fbf0",
            "output_path": "./.terraform-build/generate-lark-token.zip",
            "output_sha": "733b64fd49c4993b5a921eea85ae3577376c966a",
            "output_sha256": "467e856e25f33c6578906a9229976d44c308876073e365960cc8bed2b6603038",
            "output_sha512": "75b1179414cb71205b950d53189ff53de60a427d807a06972662f49d2313b6dc16c2af7affe8618fe254d60c2b6d457bdb1ccc54bb567504f2274218f83c5084",
            "output_size": 6970,
            "source": [],
            "source_content": null,
            "source_content_filename": null,
            "source_dir": "/Users/nmhuyen/Documents/Manual Deploy/agent-data-langroid/lark-infra-tools/src",
            "source_file": null,
            "type": "zip"
          },
          "sensitive_attributes": []
        }
      ]
    },
    {
      "mode": "data",
      "type": "google_project",
      "name": "current",
      "provider": "provider[\"registry.terraform.io/hashicorp/google\"]",
      "instances": [
        {
          "schema_version": 0,
          "attributes": {
            "auto_create_network": null,
            "billing_account": "01ABB6-1FF01E-16010C",
            "folder_id": null,
            "id": "projects/github-chatgpt-ggcloud",
            "labels": {
              "firebase": "enabled",
              "firebase-core": "disabled",
              "generative-language": "enabled"
            },
            "name": "Github-chatgpt",
            "number": "812872501910",
            "org_id": null,
            "project_id": "github-chatgpt-ggcloud",
            "skip_delete": null
          },
          "sensitive_attributes": []
        }
      ]
    },
    {
      "mode": "managed",
      "type": "google_cloud_run_service_iam_member",
      "name": "invoker",
      "provider": "provider[\"registry.terraform.io/hashicorp/google\"]",
      "instances": [
        {
          "schema_version": 0,
          "attributes": {
            "condition": [],
            "etag": "BwY/lBfcCXw=",
            "id": "v1/projects/github-chatgpt-ggcloud/locations/asia-southeast1/services/generate-lark-token/roles/run.invoker/serviceAccount:chatgpt-deployer@github-chatgpt-ggcloud.iam.gserviceaccount.com",
            "location": "asia-southeast1",
            "member": "serviceAccount:chatgpt-deployer@github-chatgpt-ggcloud.iam.gserviceaccount.com",
            "project": "github-chatgpt-ggcloud",
            "role": "roles/run.invoker",
            "service": "v1/projects/github-chatgpt-ggcloud/locations/asia-southeast1/services/generate-lark-token"
          },
          "sensitive_attributes": [],
          "private": "bnVsbA==",
          "dependencies": [
            "data.archive_file.function_source",
            "google_cloudfunctions2_function.generate_lark_token",
            "google_storage_bucket.function_source",
            "google_storage_bucket_object.function_source",
            "random_id.bucket_suffix"
          ]
        }
      ]
    },
    {
      "mode": "managed",
      "type": "google_cloud_run_service_iam_member",
      "name": "public_invoker",
      "provider": "provider[\"registry.terraform.io/hashicorp/google\"]",
      "instances": [
        {
          "schema_version": 0,
          "attributes": {
            "condition": [],
            "etag": "BwY/lBfcCXw=",
            "id": "v1/projects/github-chatgpt-ggcloud/locations/asia-southeast1/services/generate-lark-token/roles/run.invoker/allUsers",
            "location": "asia-southeast1",
            "member": "allUsers",
            "project": "github-chatgpt-ggcloud",
            "role": "roles/run.invoker",
            "service": "v1/projects/github-chatgpt-ggcloud/locations/asia-southeast1/services/generate-lark-token"
          },
          "sensitive_attributes": [],
          "private": "bnVsbA==",
          "dependencies": [
            "data.archive_file.function_source",
            "google_cloudfunctions2_function.generate_lark_token",
            "google_storage_bucket.function_source",
            "google_storage_bucket_object.function_source",
            "random_id.bucket_suffix"
          ]
        }
      ]
    },
    {
      "mode": "managed",
      "type": "google_cloud_scheduler_job",
      "name": "lark_token_refresh",
      "provider": "provider[\"registry.terraform.io/hashicorp/google\"]",
      "instances": [
        {
          "schema_version": 0,
          "attributes": {
            "app_engine_http_target": [],
            "attempt_deadline": "180s",
            "description": "Trigger Lark token refresh Cloud Function",
            "http_target": [
              {
                "body": "",
                "headers": {},
                "http_method": "POST",
                "oauth_token": [],
                "oidc_token": [
                  {
                    "audience": "https://generate-lark-token-pfne2mqwja-as.a.run.app",
                    "service_account_email": "chatgpt-deployer@github-chatgpt-ggcloud.iam.gserviceaccount.com"
                  }
                ],
                "uri": "https://generate-lark-token-pfne2mqwja-as.a.run.app/"
              }
            ],
            "id": "projects/github-chatgpt-ggcloud/locations/asia-southeast1/jobs/lark-token-refresh-110m",
            "name": "lark-token-refresh-110m",
            "paused": false,
            "project": "github-chatgpt-ggcloud",
            "pubsub_target": [],
            "region": "asia-southeast1",
            "retry_config": [],
            "schedule": "every 110 minutes",
            "state": "ENABLED",
            "time_zone": "Etc/UTC",
            "timeouts": null
          },
          "sensitive_attributes": [],
          "private": "eyJlMmJmYjczMC1lY2FhLTExZTYtOGY4OC0zNDM2M2JjN2M0YzAiOnsiY3JlYXRlIjoxMjAwMDAwMDAwMDAwLCJkZWxldGUiOjEyMDAwMDAwMDAwMDAsInVwZGF0ZSI6MTIwMDAwMDAwMDAwMH19",
          "dependencies": [
            "data.archive_file.function_source",
            "google_cloud_run_service_iam_member.invoker",
            "google_cloudfunctions2_function.generate_lark_token",
            "google_storage_bucket.function_source",
            "google_storage_bucket_object.function_source",
            "random_id.bucket_suffix"
          ]
        }
      ]
    },
    {
      "mode": "managed",
      "type": "google_cloudfunctions2_function",
      "name": "generate_lark_token",
      "provider": "provider[\"registry.terraform.io/hashicorp/google\"]",
      "instances": [
        {
          "schema_version": 0,
          "attributes": {
            "build_config": [
              {
                "build": "projects/812872501910/locations/asia-southeast1/builds/052f2419-6eb3-4b1b-b073-db501a73187c",
                "docker_repository": "projects/github-chatgpt-ggcloud/locations/asia-southeast1/repositories/gcf-artifacts",
                "entry_point": "generate_lark_token",
                "environment_variables": {},
                "runtime": "python311",
                "source": [
                  {
                    "repo_source": [],
                    "storage_source": [
                      {
                        "bucket": "github-chatgpt-ggcloud-lark-infra-0148",
                        "generation": 1758788074176727,
                        "object": "functions/generate-lark-token.zip"
                      }
                    ]
                  }
                ],
                "worker_pool": ""
              }
            ],
            "description": "Generate and store Lark access tokens",
            "environment": "GEN_2",
            "event_trigger": [],
            "id": "projects/github-chatgpt-ggcloud/locations/asia-southeast1/functions/generate-lark-token",
            "kms_key_name": "",
            "labels": {},
            "location": "asia-southeast1",
            "name": "generate-lark-token",
            "project": "github-chatgpt-ggcloud",
            "service_config": [
              {
                "all_traffic_on_latest_revision": true,
                "available_cpu": "0.1666",
                "available_memory": "256M",
                "environment_variables": {
                  "APP_SECRET_ID": "lark-app-secret-sg",
                  "GCP_PROJECT": "github-chatgpt-ggcloud",
                  "LARK_APP_ID": "cli_a785d634437a502f",
                  "LARK_TOKEN_URL": "https://open.larksuite.com/open-apis/auth/v3/app_access_token/internal/",
                  "LOG_EXECUTION_ID": "true",
                  "NEW_TOKEN_SECRET_ID": "lark-access-token-sg",
                  "REQUEST_TIMEOUT": "10"
                },
                "gcf_uri": "",
                "ingress_settings": "ALLOW_ALL",
                "max_instance_count": 1,
                "max_instance_request_concurrency": 1,
                "min_instance_count": 0,
                "secret_environment_variables": [],
                "secret_volumes": [],
                "service": "projects/github-chatgpt-ggcloud/locations/asia-southeast1/services/generate-lark-token",
                "service_account_email": "chatgpt-deployer@github-chatgpt-ggcloud.iam.gserviceaccount.com",
                "timeout_seconds": 60,
                "uri": "https://generate-lark-token-pfne2mqwja-as.a.run.app",
                "vpc_connector": "",
                "vpc_connector_egress_settings": ""
              }
            ],
            "state": "ACTIVE",
            "timeouts": null,
            "update_time": "2025-09-25T08:15:19.260462624Z",
            "url": "https://asia-southeast1-github-chatgpt-ggcloud.cloudfunctions.net/generate-lark-token"
          },
          "sensitive_attributes": [],
          "private": "eyJlMmJmYjczMC1lY2FhLTExZTYtOGY4OC0zNDM2M2JjN2M0YzAiOnsiY3JlYXRlIjozNjAwMDAwMDAwMDAwLCJkZWxldGUiOjM2MDAwMDAwMDAwMDAsInVwZGF0ZSI6MzYwMDAwMDAwMDAwMH19",
          "dependencies": [
            "data.archive_file.function_source",
            "google_storage_bucket.function_source",
            "google_storage_bucket_object.function_source",
            "random_id.bucket_suffix"
          ]
        }
      ]
    },
    {
      "mode": "managed",
      "type": "google_secret_manager_secret_iam_member",
      "name": "app_secret_accessor",
      "provider": "provider[\"registry.terraform.io/hashicorp/google\"]",
      "instances": [
        {
          "schema_version": 0,
          "attributes": {
            "condition": [],
            "etag": "BwY/lCqhF+M=",
            "id": "projects/github-chatgpt-ggcloud/secrets/lark-app-secret-sg/roles/secretmanager.secretAccessor/serviceAccount:chatgpt-deployer@github-chatgpt-ggcloud.iam.gserviceaccount.com",
            "member": "serviceAccount:chatgpt-deployer@github-chatgpt-ggcloud.iam.gserviceaccount.com",
            "project": "github-chatgpt-ggcloud",
            "role": "roles/secretmanager.secretAccessor",
            "secret_id": "projects/github-chatgpt-ggcloud/secrets/lark-app-secret-sg"
          },
          "sensitive_attributes": [],
          "private": "bnVsbA=="
        }
      ]
    },
    {
      "mode": "managed",
      "type": "google_secret_manager_secret_iam_member",
      "name": "token_secret_accessor",
      "provider": "provider[\"registry.terraform.io/hashicorp/google\"]",
      "instances": [
        {
          "schema_version": 0,
          "attributes": {
            "condition": [],
            "etag": "BwY/lCtBUnM=",
            "id": "projects/github-chatgpt-ggcloud/secrets/lark-access-token-sg/roles/secretmanager.secretAccessor/serviceAccount:chatgpt-deployer@github-chatgpt-ggcloud.iam.gserviceaccount.com",
            "member": "serviceAccount:chatgpt-deployer@github-chatgpt-ggcloud.iam.gserviceaccount.com",
            "project": "github-chatgpt-ggcloud",
            "role": "roles/secretmanager.secretAccessor",
            "secret_id": "projects/github-chatgpt-ggcloud/secrets/lark-access-token-sg"
          },
          "sensitive_attributes": [],
          "private": "bnVsbA=="
        }
      ]
    },
    {
      "mode": "managed",
      "type": "google_secret_manager_secret_iam_member",
      "name": "token_secret_version_adder",
      "provider": "provider[\"registry.terraform.io/hashicorp/google\"]",
      "instances": [
        {
          "schema_version": 0,
          "attributes": {
            "condition": [],
            "etag": "BwY/lCtBUnM=",
            "id": "projects/github-chatgpt-ggcloud/secrets/lark-access-token-sg/roles/secretmanager.secretVersionAdder/serviceAccount:chatgpt-deployer@github-chatgpt-ggcloud.iam.gserviceaccount.com",
            "member": "serviceAccount:chatgpt-deployer@github-chatgpt-ggcloud.iam.gserviceaccount.com",
            "project": "github-chatgpt-ggcloud",
            "role": "roles/secretmanager.secretVersionAdder",
            "secret_id": "projects/github-chatgpt-ggcloud/secrets/lark-access-token-sg"
          },
          "sensitive_attributes": [],
          "private": "bnVsbA=="
        }
      ]
    },
    {
      "mode": "managed",
      "type": "google_secret_manager_secret_iam_member",
      "name": "token_secret_version_manager",
      "provider": "provider[\"registry.terraform.io/hashicorp/google\"]",
      "instances": [
        {
          "schema_version": 0,
          "attributes": {
            "condition": [],
            "etag": "BwY/lCtBUnM=",
            "id": "projects/github-chatgpt-ggcloud/secrets/lark-access-token-sg/roles/secretmanager.secretVersionManager/serviceAccount:chatgpt-deployer@github-chatgpt-ggcloud.iam.gserviceaccount.com",
            "member": "serviceAccount:chatgpt-deployer@github-chatgpt-ggcloud.iam.gserviceaccount.com",
            "project": "github-chatgpt-ggcloud",
            "role": "roles/secretmanager.secretVersionManager",
            "secret_id": "projects/github-chatgpt-ggcloud/secrets/lark-access-token-sg"
          },
          "sensitive_attributes": [],
          "private": "bnVsbA=="
        }
      ]
    },
    {
      "mode": "managed",
      "type": "google_storage_bucket",
      "name": "function_source",
      "provider": "provider[\"registry.terraform.io/hashicorp/google\"]",
      "instances": [
        {
          "schema_version": 0,
          "attributes": {
            "autoclass": [],
            "cors": [],
            "custom_placement_config": [],
            "default_event_based_hold": false,
            "encryption": [],
            "force_destroy": true,
            "id": "github-chatgpt-ggcloud-lark-infra-0148",
            "labels": {},
            "lifecycle_rule": [],
            "location": "ASIA-SOUTHEAST1",
            "logging": [],
            "name": "github-chatgpt-ggcloud-lark-infra-0148",
            "project": "github-chatgpt-ggcloud",
            "public_access_prevention": "inherited",
            "requester_pays": false,
            "retention_policy": [],
            "self_link": "https://www.googleapis.com/storage/v1/b/github-chatgpt-ggcloud-lark-infra-0148",
            "soft_delete_policy": [
              {
                "effective_time": "2025-09-24T22:57:59.458Z",
                "retention_duration_seconds": 604800
              }
            ],
            "storage_class": "STANDARD",
            "timeouts": null,
            "uniform_bucket_level_access": true,
            "url": "gs://github-chatgpt-ggcloud-lark-infra-0148",
            "versioning": [],
            "website": []
          },
          "sensitive_attributes": [],
          "private": "eyJlMmJmYjczMC1lY2FhLTExZTYtOGY4OC0zNDM2M2JjN2M0YzAiOnsiY3JlYXRlIjo2MDAwMDAwMDAwMDAsInJlYWQiOjI0MDAwMDAwMDAwMCwidXBkYXRlIjoyNDAwMDAwMDAwMDB9fQ==",
          "dependencies": [
            "random_id.bucket_suffix"
          ]
        }
      ]
    },
    {
      "mode": "managed",
      "type": "google_storage_bucket_object",
      "name": "function_source",
      "provider": "provider[\"registry.terraform.io/hashicorp/google\"]",
      "instances": [
        {
          "schema_version": 0,
          "attributes": {
            "bucket": "github-chatgpt-ggcloud-lark-infra-0148",
            "cache_control": "",
            "content": null,
            "content_disposition": "",
            "content_encoding": "",
            "content_language": "",
            "content_type": "application/zip",
            "crc32c": "wdA4WQ==",
            "customer_encryption": [],
            "detect_md5hash": "jOCyx0yo/1wNLqg/YPL78A==",
            "event_based_hold": false,
            "id": "github-chatgpt-ggcloud-lark-infra-0148-functions/generate-lark-token.zip",
            "kms_key_name": "",
            "md5hash": "jOCyx0yo/1wNLqg/YPL78A==",
            "media_link": "https://storage.googleapis.com/download/storage/v1/b/github-chatgpt-ggcloud-lark-infra-0148/o/functions%2Fgenerate-lark-token.zip?generation=1758788072371810\u0026alt=media",
            "metadata": null,
            "name": "functions/generate-lark-token.zip",
            "output_name": "functions/generate-lark-token.zip",
            "self_link": "https://www.googleapis.com/storage/v1/b/github-chatgpt-ggcloud-lark-infra-0148/o/functions%2Fgenerate-lark-token.zip",
            "source": "./.terraform-build/generate-lark-token.zip",
            "storage_class": "STANDARD",
            "temporary_hold": false,
            "timeouts": null
          },
          "sensitive_attributes": [
            [
              {
                "type": "get_attr",
                "value": "content"
              }
            ]
          ],
          "private": "eyJlMmJmYjczMC1lY2FhLTExZTYtOGY4OC0zNDM2M2JjN2M0YzAiOnsiY3JlYXRlIjoyNDAwMDAwMDAwMDAsImRlbGV0ZSI6MjQwMDAwMDAwMDAwLCJ1cGRhdGUiOjI0MDAwMDAwMDAwMH19",
          "dependencies": [
            "data.archive_file.function_source",
            "google_storage_bucket.function_source",
            "random_id.bucket_suffix"
          ]
        }
      ]
    },
    {
      "mode": "managed",
      "type": "random_id",
      "name": "bucket_suffix",
      "provider": "provider[\"registry.terraform.io/hashicorp/random\"]",
      "instances": [
        {
          "schema_version": 0,
          "attributes": {
            "b64_std": "AUg=",
            "b64_url": "AUg",
            "byte_length": 2,
            "dec": "328",
            "hex": "0148",
            "id": "AUg",
            "keepers": null,
            "prefix": null
          },
          "sensitive_attributes": []
        }
      ]
    }
  ],
  "check_results": null
}
